
Microsoft Visual Studio Solution File, Format Version 12.00
# Visual Studio Version 16
VisualStudioVersion = 16.0.30309.148
MinimumVisualStudioVersion = 10.0.40219.1
Project("{FAE04EC0-301F-11D3-BF4B-00C04F79EFBC}") = "directory_scan", "directory_scan\directory_scan.csproj", "{CABDB896-E34A-4B7B-9B0A-9D18F307C737}"
EndProject
Global
	GlobalSection(SolutionConfigurationPlatforms) = preSolution
		Debug|Any CPU = Debug|Any CPU
		Release|Any CPU = Release|Any CPU
	EndGlobalSection
	GlobalSection(ProjectConfigurationPlatforms) = postSolution
		{CABDB896-E34A-4B7B-9B0A-9D18F307C737}.Debug|Any CPU.ActiveCfg = Debug|Any CPU
		{CABDB896-E34A-4B7B-9B0A-9D18F307C737}.Debug|Any CPU.Build.0 = Debug|Any CPU
		{CABDB896-E34A-4B7B-9B0A-9D18F307C737}.Release|Any CPU.ActiveCfg = Release|Any CPU
		{CABDB896-E34A-4B7B-9B0A-9D18F307C737}.Release|Any CPU.Build.0 = Release|Any CPU
	EndGlobalSection
	GlobalSection(SolutionProperties) = preSolution
		HideSolutionNode = FALSE
	EndGlobalSection
	GlobalSection(ExtensibilityGlobals) = postSolution
		SolutionGuid = {55895430-1ED1-4DF5-ACF7-F41981A6CE49}
	EndGlobalSection
EndGlobal
